
Microsoft Visual Studio Solution File, Format Version 12.00
# Visual Studio Version 17
VisualStudioVersion = 17.8.34309.116
MinimumVisualStudioVersion = 10.0.40219.1
Project("{9A19103F-16F7-4668-BE54-9A1E7A4F7556}") = "InstapotAPI", "InstapotAPI\InstapotAPI.csproj", "{4EDEAED7-B9AE-4F18-A6E4-48BCF0841A9A}"
EndProject
Project("{9A19103F-16F7-4668-BE54-9A1E7A4F7556}") = "InstapotAPI.Tests", "InstapotAPI.Tests\InstapotAPI.Tests.csproj", "{46D51AD7-AFFF-4291-8F4E-935346C215E2}"
	ProjectSection(ProjectDependencies) = postProject
		{4EDEAED7-B9AE-4F18-A6E4-48BCF0841A9A} = {4EDEAED7-B9AE-4F18-A6E4-48BCF0841A9A}
	EndProjectSection
EndProject
Global
	GlobalSection(SolutionConfigurationPlatforms) = preSolution
		Debug|Any CPU = Debug|Any CPU
		Release|Any CPU = Release|Any CPU
	EndGlobalSection
	GlobalSection(ProjectConfigurationPlatforms) = postSolution
		{4EDEAED7-B9AE-4F18-A6E4-48BCF0841A9A}.Debug|Any CPU.ActiveCfg = Debug|Any CPU
		{4EDEAED7-B9AE-4F18-A6E4-48BCF0841A9A}.Debug|Any CPU.Build.0 = Debug|Any CPU
		{4EDEAED7-B9AE-4F18-A6E4-48BCF0841A9A}.Release|Any CPU.ActiveCfg = Release|Any CPU
		{4EDEAED7-B9AE-4F18-A6E4-48BCF0841A9A}.Release|Any CPU.Build.0 = Release|Any CPU
		{46D51AD7-AFFF-4291-8F4E-935346C215E2}.Debug|Any CPU.ActiveCfg = Debug|Any CPU
		{46D51AD7-AFFF-4291-8F4E-935346C215E2}.Debug|Any CPU.Build.0 = Debug|Any CPU
		{46D51AD7-AFFF-4291-8F4E-935346C215E2}.Release|Any CPU.ActiveCfg = Release|Any CPU
		{46D51AD7-AFFF-4291-8F4E-935346C215E2}.Release|Any CPU.Build.0 = Release|Any CPU
	EndGlobalSection
	GlobalSection(SolutionProperties) = preSolution
		HideSolutionNode = FALSE
	EndGlobalSection
	GlobalSection(ExtensibilityGlobals) = postSolution
		SolutionGuid = {4B4593CA-643F-4898-BA48-917B5646AAF5}
	EndGlobalSection
EndGlobal
